
Microsoft Visual Studio Solution File, Format Version 12.00
# Visual Studio 2012
Project("{FAE04EC0-301F-11D3-BF4B-00C04F79EFBC}") = "ASPXZipIt-AutoUpdate", "ASPXZipIt-AutoUpdate\ASPXZipIt-AutoUpdate.csproj", "{1A53E1B8-897A-489A-BC43-C2093994772C}"
EndProject
Global
	GlobalSection(SolutionConfigurationPlatforms) = preSolution
		Debug|Any CPU = Debug|Any CPU
		Release|Any CPU = Release|Any CPU
	EndGlobalSection
	GlobalSection(ProjectConfigurationPlatforms) = postSolution
		{1A53E1B8-897A-489A-BC43-C2093994772C}.Debug|Any CPU.ActiveCfg = Debug|Any CPU
		{1A53E1B8-897A-489A-BC43-C2093994772C}.Debug|Any CPU.Build.0 = Debug|Any CPU
		{1A53E1B8-897A-489A-BC43-C2093994772C}.Release|Any CPU.ActiveCfg = Release|Any CPU
		{1A53E1B8-897A-489A-BC43-C2093994772C}.Release|Any CPU.Build.0 = Release|Any CPU
	EndGlobalSection
	GlobalSection(SolutionProperties) = preSolution
		HideSolutionNode = FALSE
	EndGlobalSection
EndGlobal
